
Microsoft Visual Studio Solution File, Format Version 12.00
# Visual Studio 15
VisualStudioVersion = 15.0.27130.2027
MinimumVisualStudioVersion = 10.0.40219.1
Project("{F184B08F-C81C-45F6-A57F-5ABD9991F28F}") = "WindowsApp5", "WindowsApp5\WindowsApp5.vbproj", "{C89D0FE5-493A-4ABC-8FFC-AB7601CE5BC7}"
EndProject
Global
	GlobalSection(SolutionConfigurationPlatforms) = preSolution
		Debug|Any CPU = Debug|Any CPU
		Release|Any CPU = Release|Any CPU
	EndGlobalSection
	GlobalSection(ProjectConfigurationPlatforms) = postSolution
		{C89D0FE5-493A-4ABC-8FFC-AB7601CE5BC7}.Debug|Any CPU.ActiveCfg = Debug|Any CPU
		{C89D0FE5-493A-4ABC-8FFC-AB7601CE5BC7}.Debug|Any CPU.Build.0 = Debug|Any CPU
		{C89D0FE5-493A-4ABC-8FFC-AB7601CE5BC7}.Release|Any CPU.ActiveCfg = Release|Any CPU
		{C89D0FE5-493A-4ABC-8FFC-AB7601CE5BC7}.Release|Any CPU.Build.0 = Release|Any CPU
	EndGlobalSection
	GlobalSection(SolutionProperties) = preSolution
		HideSolutionNode = FALSE
	EndGlobalSection
	GlobalSection(ExtensibilityGlobals) = postSolution
		SolutionGuid = {050BD8E0-01D2-47FA-8445-5ED61ED0A066}
	EndGlobalSection
EndGlobal
